
Microsoft Visual Studio Solution File, Format Version 12.00
# Visual Studio Version 16
VisualStudioVersion = 16.0.30907.101
MinimumVisualStudioVersion = 10.0.40219.1
Project("{9A19103F-16F7-4668-BE54-9A1E7A4F7556}") = "DataAccess", "DataAccess\DataAccess.csproj", "{58A2092F-542B-426A-A8E3-A8993C973023}"
EndProject
Project("{9A19103F-16F7-4668-BE54-9A1E7A4F7556}") = "Business", "Business\Business.csproj", "{BC1B78A2-E5D5-45DE-9C35-6A9B307D0381}"
EndProject
Project("{9A19103F-16F7-4668-BE54-9A1E7A4F7556}") = "Entities", "Entities\Entities.csproj", "{387DED53-457F-47D7-AF8B-B691C9AC06FE}"
EndProject
Project("{9A19103F-16F7-4668-BE54-9A1E7A4F7556}") = "ConsoleUI", "ConsoleUI\ConsoleUI.csproj", "{0408B3D2-45BD-4CA6-BBD3-58B21E463BD8}"
EndProject
Global
	GlobalSection(SolutionConfigurationPlatforms) = preSolution
		Debug|Any CPU = Debug|Any CPU
		Release|Any CPU = Release|Any CPU
	EndGlobalSection
	GlobalSection(ProjectConfigurationPlatforms) = postSolution
		{58A2092F-542B-426A-A8E3-A8993C973023}.Debug|Any CPU.ActiveCfg = Debug|Any CPU
		{58A2092F-542B-426A-A8E3-A8993C973023}.Debug|Any CPU.Build.0 = Debug|Any CPU
		{58A2092F-542B-426A-A8E3-A8993C973023}.Release|Any CPU.ActiveCfg = Release|Any CPU
		{58A2092F-542B-426A-A8E3-A8993C973023}.Release|Any CPU.Build.0 = Release|Any CPU
		{BC1B78A2-E5D5-45DE-9C35-6A9B307D0381}.Debug|Any CPU.ActiveCfg = Debug|Any CPU
		{BC1B78A2-E5D5-45DE-9C35-6A9B307D0381}.Debug|Any CPU.Build.0 = Debug|Any CPU
		{BC1B78A2-E5D5-45DE-9C35-6A9B307D0381}.Release|Any CPU.ActiveCfg = Release|Any CPU
		{BC1B78A2-E5D5-45DE-9C35-6A9B307D0381}.Release|Any CPU.Build.0 = Release|Any CPU
		{387DED53-457F-47D7-AF8B-B691C9AC06FE}.Debug|Any CPU.ActiveCfg = Debug|Any CPU
		{387DED53-457F-47D7-AF8B-B691C9AC06FE}.Debug|Any CPU.Build.0 = Debug|Any CPU
		{387DED53-457F-47D7-AF8B-B691C9AC06FE}.Release|Any CPU.ActiveCfg = Release|Any CPU
		{387DED53-457F-47D7-AF8B-B691C9AC06FE}.Release|Any CPU.Build.0 = Release|Any CPU
		{0408B3D2-45BD-4CA6-BBD3-58B21E463BD8}.Debug|Any CPU.ActiveCfg = Debug|Any CPU
		{0408B3D2-45BD-4CA6-BBD3-58B21E463BD8}.Debug|Any CPU.Build.0 = Debug|Any CPU
		{0408B3D2-45BD-4CA6-BBD3-58B21E463BD8}.Release|Any CPU.ActiveCfg = Release|Any CPU
		{0408B3D2-45BD-4CA6-BBD3-58B21E463BD8}.Release|Any CPU.Build.0 = Release|Any CPU
	EndGlobalSection
	GlobalSection(SolutionProperties) = preSolution
		HideSolutionNode = FALSE
	EndGlobalSection
	GlobalSection(ExtensibilityGlobals) = postSolution
		SolutionGuid = {1830EF8F-2C29-459D-8FC5-2095C4C2DBFC}
	EndGlobalSection
EndGlobal
